
Microsoft Visual Studio Solution File, Format Version 12.00
# Visual Studio 2015
Project("{FAE04EC0-301F-11D3-BF4B-00C04F79EFBC}") = "Piggybank_Farmer_Tycoon.CSharp", "Piggybank_Farmer_Tycoon.CSharp.csproj", "{F8F482DC-5636-737B-6C5C-5D57301D12A9}"
EndProject
Project("{FAE04EC0-301F-11D3-BF4B-00C04F79EFBC}") = "Piggybank_Farmer_Tycoon.CSharp.Editor", "Piggybank_Farmer_Tycoon.CSharp.Editor.csproj", "{C5F6D22C-52FD-5829-A7F9-23BCBD07A7A1}"
EndProject
Global
	GlobalSection(SolutionConfigurationPlatforms) = preSolution
		Debug|Any CPU = Debug|Any CPU
		Release|Any CPU = Release|Any CPU
	EndGlobalSection
	GlobalSection(ProjectConfigurationPlatforms) = postSolution
		{F8F482DC-5636-737B-6C5C-5D57301D12A9}.Debug|Any CPU.ActiveCfg = Debug|Any CPU
		{F8F482DC-5636-737B-6C5C-5D57301D12A9}.Debug|Any CPU.Build.0 = Debug|Any CPU
		{F8F482DC-5636-737B-6C5C-5D57301D12A9}.Release|Any CPU.ActiveCfg = Release|Any CPU
		{F8F482DC-5636-737B-6C5C-5D57301D12A9}.Release|Any CPU.Build.0 = Release|Any CPU
		{C5F6D22C-52FD-5829-A7F9-23BCBD07A7A1}.Debug|Any CPU.ActiveCfg = Debug|Any CPU
		{C5F6D22C-52FD-5829-A7F9-23BCBD07A7A1}.Debug|Any CPU.Build.0 = Debug|Any CPU
		{C5F6D22C-52FD-5829-A7F9-23BCBD07A7A1}.Release|Any CPU.ActiveCfg = Release|Any CPU
		{C5F6D22C-52FD-5829-A7F9-23BCBD07A7A1}.Release|Any CPU.Build.0 = Release|Any CPU
	EndGlobalSection
	GlobalSection(SolutionProperties) = preSolution
		HideSolutionNode = FALSE
	EndGlobalSection
EndGlobal
